{
  "nodes": {
    "nixpkgs": {
      "locked": {
        "lastModified": 1779174849,
        "narHash": "sha256-siV0ur9MSJNN8OeN6unNwoamyH4NJ5pOg/UIiIYr5Bc=",
        "rev": "2a8625f6f9734bace1b193f38473d11fd3fc5355",
        "type": "tarball",
        "url": "https://releases.nixos.org/nixos/25.11-small/nixos-25.11.11140.2a8625f6f973/nixexprs.tar.xz"
      },
      "original": {
        "type": "tarball",
        "url": "https://channels.nixos.org/nixos-25.11-small/nixexprs.tar.xz"
      }
    },
    "root": {
      "inputs": {
        "nixpkgs": "nixpkgs"
      }
    }
  },
  "root": "root",
  "version": 7
}
