{
  "nodes": {
    "nixpkgs": {
      "locked": {
        "lastModified": 1779043035,
        "narHash": "sha256-8/l1PZng5oQBLaJSHnu/dt/3maidrEUAiwWF3Jpk3SQ=",
        "owner": "nixos",
        "repo": "nixpkgs",
        "rev": "f327c6a85f24aab0c1b4ba3f7b1eeb11af922420",
        "type": "github"
      },
      "original": {
        "owner": "nixos",
        "ref": "nixos-25.11-small",
        "repo": "nixpkgs",
        "type": "github"
      }
    },
    "root": {
      "inputs": {
        "nixpkgs": "nixpkgs"
      }
    }
  },
  "root": "root",
  "version": 7
}
