{
  "nodes": {
    "nixpkgs": {
      "locked": {
        "lastModified": 1779043035,
        "narHash": "sha256-m1Z6VF9Li1M2BlJX5i0L+9Slx4vBbhpl1nZxMhhac/g=",
        "rev": "f327c6a85f24aab0c1b4ba3f7b1eeb11af922420",
        "type": "tarball",
        "url": "https://releases.nixos.org/nixos/25.11-small/nixos-25.11.11056.f327c6a85f24/nixexprs.tar.xz"
      },
      "original": {
        "type": "tarball",
        "url": "https://channels.nixos.org/nixos-25.11-small/nixexprs.tar.xz"
      }
    },
    "root": {
      "inputs": {
        "nixpkgs": "nixpkgs"
      }
    }
  },
  "root": "root",
  "version": 7
}
