{
  "nodes": {
    "nixpkgs": {
      "inputs": {
        "nixpkgs": [
          "nixpkgs-unstable",
          "nixpkgs"
        ]
      },
      "locked": {
        "lastModified": 1778685317,
        "narHash": "sha256-9RlFQDjY7tFSid7g7qczOPCx5L9aSE3aMvcB0WQp6AI=",
        "owner": "numtide",
        "repo": "nixpkgs-unfree",
        "rev": "c86acafb34bc7548e4444e58a8d90f54d5bde6e3",
        "type": "github"
      },
      "original": {
        "owner": "numtide",
        "ref": "nixpkgs-unstable",
        "repo": "nixpkgs-unfree",
        "type": "github"
      }
    },
    "nixpkgs-unstable": {
      "inputs": {
        "nixpkgs": "nixpkgs_2"
      },
      "locked": {
        "dir": "partitions/channels/unstable",
        "lastModified": 1778943853,
        "narHash": "sha256-0f6uT1SS8Li5izKoyZ7QhP0p0nqa3gWdzOdajDUqq08=",
        "owner": "nixology",
        "repo": "core.nix",
        "rev": "9dc3e2a93883b3aed2482861cb198333c8326035",
        "type": "github"
      },
      "original": {
        "dir": "partitions/channels/unstable",
        "owner": "nixology",
        "repo": "core.nix",
        "type": "github"
      }
    },
    "nixpkgs_2": {
      "locked": {
        "lastModified": 1773201692,
        "narHash": "sha256-xtsQYO6twTbzxKIvTZcLgZeAkbL5RAcNnJboSjf+E78=",
        "rev": "b6067cc0127d4db9c26c79e4de0513e58d0c40c9",
        "type": "tarball",
        "url": "https://releases.nixos.org/nixpkgs/nixpkgs-26.05pre961687.b6067cc0127d/nixexprs.tar.xz"
      },
      "original": {
        "type": "tarball",
        "url": "https://channels.nixos.org/nixpkgs-unstable/nixexprs.tar.xz"
      }
    },
    "root": {
      "inputs": {
        "nixpkgs": "nixpkgs",
        "nixpkgs-unstable": "nixpkgs-unstable"
      }
    }
  },
  "root": "root",
  "version": 7
}
