{
  "nodes": {
    "channel": {
      "locked": {
        "lastModified": 1781216227,
        "narHash": "sha256-9mUW6gNwoN2SWc/l0fW4svPNOulXLl8ijqKyeSOGgJE=",
        "owner": "nixos",
        "repo": "nixpkgs",
        "rev": "a0374025a863d007d98e3297f6aa46cc3141c2f0",
        "type": "github"
      },
      "original": {
        "owner": "nixos",
        "ref": "nixos-26.05",
        "repo": "nixpkgs",
        "type": "github"
      }
    },
    "channel_2": {
      "locked": {
        "lastModified": 1782422731,
        "narHash": "sha256-zQ0bupNLnIzpoNspRPrtNj/xpPggnLg49gQOWxxZ0XM=",
        "owner": "nixos",
        "repo": "nixpkgs",
        "rev": "1aa1aa8274a67b8bf2a089e372dfe7b434323967",
        "type": "github"
      },
      "original": {
        "owner": "nixos",
        "ref": "nixos-26.05-small",
        "repo": "nixpkgs",
        "type": "github"
      }
    },
    "channel_3": {
      "locked": {
        "lastModified": 1781577229,
        "narHash": "sha256-lrp67w8AulE9Ks53n27I45ADSzbOCn4H+CNW1Ck8B+8=",
        "owner": "nixos",
        "repo": "nixpkgs",
        "rev": "567a49d1913ce81ac6e9582e3553dd90a955875f",
        "type": "github"
      },
      "original": {
        "owner": "nixos",
        "ref": "nixos-unstable",
        "repo": "nixpkgs",
        "type": "github"
      }
    },
    "channel_4": {
      "locked": {
        "lastModified": 1781773087,
        "narHash": "sha256-ea0KwTPXGdFXcpuwfvAq+NyxtzOeen3vgrA5i3nQ7yQ=",
        "owner": "nixos",
        "repo": "nixpkgs",
        "rev": "76e11c75b099ff27967d7a4330def9164b9aea32",
        "type": "github"
      },
      "original": {
        "owner": "nixos",
        "ref": "nixos-unstable-small",
        "repo": "nixpkgs",
        "type": "github"
      }
    },
    "channel_5": {
      "locked": {
        "lastModified": 1781472460,
        "narHash": "sha256-dqwpb1o0xIwb1rv3PPbpY7RBm8heFiOLAubszNLBefc=",
        "owner": "nixos",
        "repo": "nixpkgs",
        "rev": "8c14fa3ccacddaec887134e523083b63c8ea57ac",
        "type": "github"
      },
      "original": {
        "owner": "nixos",
        "ref": "nixpkgs-26.05-darwin",
        "repo": "nixpkgs",
        "type": "github"
      }
    },
    "channel_6": {
      "locked": {
        "lastModified": 1781607440,
        "narHash": "sha256-rxO+uc/KFbSJp+pgyXRuAX6QlG9hJdnt0BXpEQRXY+U=",
        "owner": "nixos",
        "repo": "nixpkgs",
        "rev": "3e41b24abd260e8f71dbe2f5737d24122f972158",
        "type": "github"
      },
      "original": {
        "owner": "nixos",
        "ref": "nixpkgs-unstable",
        "repo": "nixpkgs",
        "type": "github"
      }
    },
    "nixos": {
      "inputs": {
        "channel": "channel"
      },
      "locked": {
        "dir": "nixos",
        "lastModified": 1781798631,
        "narHash": "sha256-TFnCx40VNHLwA+gS3Tb6HW7do3aZijyVp/H2FV4rSz4=",
        "owner": "nixology",
        "repo": "channels.nix",
        "rev": "01b2cfe422ec424fdfa4312a1655f2bd4ac7b326",
        "type": "github"
      },
      "original": {
        "dir": "nixos",
        "owner": "nixology",
        "repo": "channels.nix",
        "type": "github"
      }
    },
    "nixos-small": {
      "inputs": {
        "channel": "channel_2"
      },
      "locked": {
        "dir": "nixos-small",
        "lastModified": 1782487550,
        "narHash": "sha256-3FNlJjDJ8D8W+q+uS6REnSWf0EnbE7wFq3JUVhP7CXw=",
        "owner": "nixology",
        "repo": "channels.nix",
        "rev": "8af490517a58ad6d0954470ed1c16c0b639f975d",
        "type": "github"
      },
      "original": {
        "dir": "nixos-small",
        "owner": "nixology",
        "repo": "channels.nix",
        "type": "github"
      }
    },
    "nixos-unstable": {
      "inputs": {
        "channel": "channel_3"
      },
      "locked": {
        "dir": "nixos-unstable",
        "lastModified": 1781798631,
        "narHash": "sha256-TFnCx40VNHLwA+gS3Tb6HW7do3aZijyVp/H2FV4rSz4=",
        "owner": "nixology",
        "repo": "channels.nix",
        "rev": "01b2cfe422ec424fdfa4312a1655f2bd4ac7b326",
        "type": "github"
      },
      "original": {
        "dir": "nixos-unstable",
        "owner": "nixology",
        "repo": "channels.nix",
        "type": "github"
      }
    },
    "nixos-unstable-small": {
      "inputs": {
        "channel": "channel_4"
      },
      "locked": {
        "dir": "nixos-unstable-small",
        "lastModified": 1781798631,
        "narHash": "sha256-TFnCx40VNHLwA+gS3Tb6HW7do3aZijyVp/H2FV4rSz4=",
        "owner": "nixology",
        "repo": "channels.nix",
        "rev": "01b2cfe422ec424fdfa4312a1655f2bd4ac7b326",
        "type": "github"
      },
      "original": {
        "dir": "nixos-unstable-small",
        "owner": "nixology",
        "repo": "channels.nix",
        "type": "github"
      }
    },
    "nixpkgs-darwin": {
      "inputs": {
        "channel": "channel_5"
      },
      "locked": {
        "dir": "nixpkgs-darwin",
        "lastModified": 1781798631,
        "narHash": "sha256-TFnCx40VNHLwA+gS3Tb6HW7do3aZijyVp/H2FV4rSz4=",
        "owner": "nixology",
        "repo": "channels.nix",
        "rev": "01b2cfe422ec424fdfa4312a1655f2bd4ac7b326",
        "type": "github"
      },
      "original": {
        "dir": "nixpkgs-darwin",
        "owner": "nixology",
        "repo": "channels.nix",
        "type": "github"
      }
    },
    "nixpkgs-unstable": {
      "inputs": {
        "channel": "channel_6"
      },
      "locked": {
        "dir": "nixpkgs-unstable",
        "lastModified": 1781798631,
        "narHash": "sha256-TFnCx40VNHLwA+gS3Tb6HW7do3aZijyVp/H2FV4rSz4=",
        "owner": "nixology",
        "repo": "channels.nix",
        "rev": "01b2cfe422ec424fdfa4312a1655f2bd4ac7b326",
        "type": "github"
      },
      "original": {
        "dir": "nixpkgs-unstable",
        "owner": "nixology",
        "repo": "channels.nix",
        "type": "github"
      }
    },
    "root": {
      "inputs": {
        "nixos": "nixos",
        "nixos-small": "nixos-small",
        "nixos-unstable": "nixos-unstable",
        "nixos-unstable-small": "nixos-unstable-small",
        "nixpkgs-darwin": "nixpkgs-darwin",
        "nixpkgs-unstable": "nixpkgs-unstable"
      }
    }
  },
  "root": "root",
  "version": 7
}
