{
  "nodes": {
    "channel": {
      "locked": {
        "lastModified": 1782233679,
        "narHash": "sha256-QyuGP5+QOtmXpy4i2X4DhBVBaySBdDKQEhqKcphcp34=",
        "owner": "nixos",
        "repo": "nixpkgs",
        "rev": "667d5cf1c59585031d743c78b394b0a647537c35",
        "type": "github"
      },
      "original": {
        "owner": "nixos",
        "ref": "nixos-26.05",
        "repo": "nixpkgs",
        "type": "github"
      }
    },
    "channel_2": {
      "locked": {
        "lastModified": 1782422731,
        "narHash": "sha256-zQ0bupNLnIzpoNspRPrtNj/xpPggnLg49gQOWxxZ0XM=",
        "owner": "nixos",
        "repo": "nixpkgs",
        "rev": "1aa1aa8274a67b8bf2a089e372dfe7b434323967",
        "type": "github"
      },
      "original": {
        "owner": "nixos",
        "ref": "nixos-26.05-small",
        "repo": "nixpkgs",
        "type": "github"
      }
    },
    "channel_3": {
      "locked": {
        "lastModified": 1782467914,
        "narHash": "sha256-pGvFkM8N0xEkIIXDe5YYfbEAvHrk4IxBrjB/x8OomhE=",
        "owner": "nixos",
        "repo": "nixpkgs",
        "rev": "e73de5be04e0eff4190a1432b946d469c794e7b4",
        "type": "github"
      },
      "original": {
        "owner": "nixos",
        "ref": "nixos-unstable",
        "repo": "nixpkgs",
        "type": "github"
      }
    },
    "channel_4": {
      "locked": {
        "lastModified": 1782462661,
        "narHash": "sha256-vYQcPDeKjvhAigTJaEARpSLy7oEitPP7Vo2t9uN958s=",
        "owner": "nixos",
        "repo": "nixpkgs",
        "rev": "410a3a0797f45e9306d8b7b6c4491ab09973afbe",
        "type": "github"
      },
      "original": {
        "owner": "nixos",
        "ref": "nixos-unstable-small",
        "repo": "nixpkgs",
        "type": "github"
      }
    },
    "channel_5": {
      "locked": {
        "lastModified": 1782185013,
        "narHash": "sha256-MMIaAyu3HWrWUBTWEGjhSw3CxfAOVfgqdWv4hcx/+Fs=",
        "owner": "nixos",
        "repo": "nixpkgs",
        "rev": "9a54db6898b38a6beded82ce6890b46a0a517d72",
        "type": "github"
      },
      "original": {
        "owner": "nixos",
        "ref": "nixpkgs-26.05-darwin",
        "repo": "nixpkgs",
        "type": "github"
      }
    },
    "channel_6": {
      "locked": {
        "lastModified": 1783475452,
        "narHash": "sha256-3S92fSuv32mjJz2Qb2F4405c21J55F4NIphz5K6hxco=",
        "owner": "nixos",
        "repo": "nixpkgs",
        "rev": "05988b07fb05cbcb50be6bce197b4b5f75b5e61b",
        "type": "github"
      },
      "original": {
        "owner": "nixos",
        "ref": "nixpkgs-unstable",
        "repo": "nixpkgs",
        "type": "github"
      }
    },
    "nixos": {
      "inputs": {
        "channel": "channel"
      },
      "locked": {
        "dir": "nixos",
        "lastModified": 1782487550,
        "narHash": "sha256-3FNlJjDJ8D8W+q+uS6REnSWf0EnbE7wFq3JUVhP7CXw=",
        "owner": "nixology",
        "repo": "channels.nix",
        "rev": "8af490517a58ad6d0954470ed1c16c0b639f975d",
        "type": "github"
      },
      "original": {
        "dir": "nixos",
        "owner": "nixology",
        "repo": "channels.nix",
        "type": "github"
      }
    },
    "nixos-small": {
      "inputs": {
        "channel": "channel_2"
      },
      "locked": {
        "dir": "nixos-small",
        "lastModified": 1782487550,
        "narHash": "sha256-3FNlJjDJ8D8W+q+uS6REnSWf0EnbE7wFq3JUVhP7CXw=",
        "owner": "nixology",
        "repo": "channels.nix",
        "rev": "8af490517a58ad6d0954470ed1c16c0b639f975d",
        "type": "github"
      },
      "original": {
        "dir": "nixos-small",
        "owner": "nixology",
        "repo": "channels.nix",
        "type": "github"
      }
    },
    "nixos-unstable": {
      "inputs": {
        "channel": "channel_3"
      },
      "locked": {
        "dir": "nixos-unstable",
        "lastModified": 1782487550,
        "narHash": "sha256-3FNlJjDJ8D8W+q+uS6REnSWf0EnbE7wFq3JUVhP7CXw=",
        "owner": "nixology",
        "repo": "channels.nix",
        "rev": "8af490517a58ad6d0954470ed1c16c0b639f975d",
        "type": "github"
      },
      "original": {
        "dir": "nixos-unstable",
        "owner": "nixology",
        "repo": "channels.nix",
        "type": "github"
      }
    },
    "nixos-unstable-small": {
      "inputs": {
        "channel": "channel_4"
      },
      "locked": {
        "dir": "nixos-unstable-small",
        "lastModified": 1782487550,
        "narHash": "sha256-3FNlJjDJ8D8W+q+uS6REnSWf0EnbE7wFq3JUVhP7CXw=",
        "owner": "nixology",
        "repo": "channels.nix",
        "rev": "8af490517a58ad6d0954470ed1c16c0b639f975d",
        "type": "github"
      },
      "original": {
        "dir": "nixos-unstable-small",
        "owner": "nixology",
        "repo": "channels.nix",
        "type": "github"
      }
    },
    "nixpkgs-darwin": {
      "inputs": {
        "channel": "channel_5"
      },
      "locked": {
        "dir": "nixpkgs-darwin",
        "lastModified": 1782487550,
        "narHash": "sha256-3FNlJjDJ8D8W+q+uS6REnSWf0EnbE7wFq3JUVhP7CXw=",
        "owner": "nixology",
        "repo": "channels.nix",
        "rev": "8af490517a58ad6d0954470ed1c16c0b639f975d",
        "type": "github"
      },
      "original": {
        "dir": "nixpkgs-darwin",
        "owner": "nixology",
        "repo": "channels.nix",
        "type": "github"
      }
    },
    "nixpkgs-unstable": {
      "inputs": {
        "channel": "channel_6"
      },
      "locked": {
        "dir": "nixpkgs-unstable",
        "lastModified": 1783697204,
        "narHash": "sha256-wfnn547w/XeufZBUQjW3P9zvn0sFKIpGyIjECrswZd8=",
        "owner": "nixology",
        "repo": "channels.nix",
        "rev": "ee1d59e9ef0785ebd75df1f28cd78d66b01ef0eb",
        "type": "github"
      },
      "original": {
        "dir": "nixpkgs-unstable",
        "owner": "nixology",
        "repo": "channels.nix",
        "type": "github"
      }
    },
    "root": {
      "inputs": {
        "nixos": "nixos",
        "nixos-small": "nixos-small",
        "nixos-unstable": "nixos-unstable",
        "nixos-unstable-small": "nixos-unstable-small",
        "nixpkgs-darwin": "nixpkgs-darwin",
        "nixpkgs-unstable": "nixpkgs-unstable"
      }
    }
  },
  "root": "root",
  "version": 7
}
