{
  "nodes": {
    "nixos": {
      "inputs": {
        "nixpkgs": "nixpkgs"
      },
      "locked": {
        "dir": "nixos",
        "lastModified": 1780057569,
        "narHash": "sha256-biZ0tFQGwLbv9DQmJ6BFkNjZq+rrlsHAunnbCSxPi9c=",
        "owner": "nixology",
        "repo": "channels.nix",
        "rev": "82145274e655c9dfd52ac50fee58a085a4f8cdce",
        "type": "github"
      },
      "original": {
        "dir": "nixos",
        "owner": "nixology",
        "repo": "channels.nix",
        "type": "github"
      }
    },
    "nixos-small": {
      "inputs": {
        "nixpkgs": "nixpkgs_2"
      },
      "locked": {
        "dir": "nixos-small",
        "lastModified": 1780057569,
        "narHash": "sha256-biZ0tFQGwLbv9DQmJ6BFkNjZq+rrlsHAunnbCSxPi9c=",
        "owner": "nixology",
        "repo": "channels.nix",
        "rev": "82145274e655c9dfd52ac50fee58a085a4f8cdce",
        "type": "github"
      },
      "original": {
        "dir": "nixos-small",
        "owner": "nixology",
        "repo": "channels.nix",
        "type": "github"
      }
    },
    "nixos-unstable": {
      "inputs": {
        "nixpkgs": "nixpkgs_3"
      },
      "locked": {
        "dir": "nixos-unstable",
        "lastModified": 1781278003,
        "narHash": "sha256-4m7IJrbfF5higV9K+3xBGsu2+dawh54VWJJYxEzJWMc=",
        "owner": "nixology",
        "repo": "channels.nix",
        "rev": "2e474a1c273c6d0a669fbd3335ca93a098463890",
        "type": "github"
      },
      "original": {
        "dir": "nixos-unstable",
        "owner": "nixology",
        "repo": "channels.nix",
        "type": "github"
      }
    },
    "nixos-unstable-small": {
      "inputs": {
        "nixpkgs": "nixpkgs_4"
      },
      "locked": {
        "dir": "nixos-unstable-small",
        "lastModified": 1780057569,
        "narHash": "sha256-biZ0tFQGwLbv9DQmJ6BFkNjZq+rrlsHAunnbCSxPi9c=",
        "owner": "nixology",
        "repo": "channels.nix",
        "rev": "82145274e655c9dfd52ac50fee58a085a4f8cdce",
        "type": "github"
      },
      "original": {
        "dir": "nixos-unstable-small",
        "owner": "nixology",
        "repo": "channels.nix",
        "type": "github"
      }
    },
    "nixpkgs": {
      "locked": {
        "lastModified": 1779622335,
        "narHash": "sha256-ViA62qtL5za7V3d5I8OA9q9JcFhsVAiL5jVHwEclWqk=",
        "owner": "nixos",
        "repo": "nixpkgs",
        "rev": "705e9929918b43bd7b715dc0a878ac870449bb03",
        "type": "github"
      },
      "original": {
        "owner": "nixos",
        "ref": "nixos-26.05",
        "repo": "nixpkgs",
        "type": "github"
      }
    },
    "nixpkgs-darwin": {
      "inputs": {
        "nixpkgs": "nixpkgs_5"
      },
      "locked": {
        "dir": "nixpkgs-darwin",
        "lastModified": 1780057569,
        "narHash": "sha256-biZ0tFQGwLbv9DQmJ6BFkNjZq+rrlsHAunnbCSxPi9c=",
        "owner": "nixology",
        "repo": "channels.nix",
        "rev": "82145274e655c9dfd52ac50fee58a085a4f8cdce",
        "type": "github"
      },
      "original": {
        "dir": "nixpkgs-darwin",
        "owner": "nixology",
        "repo": "channels.nix",
        "type": "github"
      }
    },
    "nixpkgs-unstable": {
      "inputs": {
        "nixpkgs": "nixpkgs_6"
      },
      "locked": {
        "dir": "nixpkgs-unstable",
        "lastModified": 1780057569,
        "narHash": "sha256-biZ0tFQGwLbv9DQmJ6BFkNjZq+rrlsHAunnbCSxPi9c=",
        "owner": "nixology",
        "repo": "channels.nix",
        "rev": "82145274e655c9dfd52ac50fee58a085a4f8cdce",
        "type": "github"
      },
      "original": {
        "dir": "nixpkgs-unstable",
        "owner": "nixology",
        "repo": "channels.nix",
        "type": "github"
      }
    },
    "nixpkgs_2": {
      "locked": {
        "lastModified": 1779950181,
        "narHash": "sha256-Pl2CTf1KcCS4ORqKNSFHQL0xDEi2+AnXph4IADpWCRs=",
        "owner": "nixos",
        "repo": "nixpkgs",
        "rev": "8d2b13b41ca22900640adde51ae8426826673ecd",
        "type": "github"
      },
      "original": {
        "owner": "nixos",
        "ref": "nixos-26.05-small",
        "repo": "nixpkgs",
        "type": "github"
      }
    },
    "nixpkgs_3": {
      "locked": {
        "lastModified": 1781074563,
        "narHash": "sha256-md8WlXOlfnIeHeOScMTTHFyf2d6iaTwPl2apR5EQ3P4=",
        "owner": "nixos",
        "repo": "nixpkgs",
        "rev": "9ae611a455b90cf061d8f332b977e387bda8e1ca",
        "type": "github"
      },
      "original": {
        "owner": "nixos",
        "ref": "nixos-unstable",
        "repo": "nixpkgs",
        "type": "github"
      }
    },
    "nixpkgs_4": {
      "locked": {
        "lastModified": 1779761669,
        "narHash": "sha256-u23DCQpA7BxfpHfxmyigruW3s76EmCXZeH1iH6eiOS8=",
        "owner": "nixos",
        "repo": "nixpkgs",
        "rev": "07c38d21e9ea6a3ae3fe0092d9974a00ee6d466a",
        "type": "github"
      },
      "original": {
        "owner": "nixos",
        "ref": "nixos-unstable-small",
        "repo": "nixpkgs",
        "type": "github"
      }
    },
    "nixpkgs_5": {
      "locked": {
        "lastModified": 1779622335,
        "narHash": "sha256-ViA62qtL5za7V3d5I8OA9q9JcFhsVAiL5jVHwEclWqk=",
        "owner": "nixos",
        "repo": "nixpkgs",
        "rev": "705e9929918b43bd7b715dc0a878ac870449bb03",
        "type": "github"
      },
      "original": {
        "owner": "nixos",
        "ref": "nixpkgs-26.05-darwin",
        "repo": "nixpkgs",
        "type": "github"
      }
    },
    "nixpkgs_6": {
      "locked": {
        "lastModified": 1779877693,
        "narHash": "sha256-NOF9NAREhxr50bbBfVcVOq+ArCMSoe8dP79Pk2uyARk=",
        "owner": "nixos",
        "repo": "nixpkgs",
        "rev": "4100e830e085863741bc69b156ec4ccd53ab5be0",
        "type": "github"
      },
      "original": {
        "owner": "nixos",
        "ref": "nixpkgs-unstable",
        "repo": "nixpkgs",
        "type": "github"
      }
    },
    "root": {
      "inputs": {
        "nixos": "nixos",
        "nixos-small": "nixos-small",
        "nixos-unstable": "nixos-unstable",
        "nixos-unstable-small": "nixos-unstable-small",
        "nixpkgs-darwin": "nixpkgs-darwin",
        "nixpkgs-unstable": "nixpkgs-unstable"
      }
    }
  },
  "root": "root",
  "version": 7
}
