{
  "nodes": {
    "nixpkgs": {
      "locked": {
        "lastModified": 1779142197,
        "narHash": "sha256-N/g8zeMx8TjGacnBYUxpaS8KhDJiAnrr7tLllwru/SY=",
        "rev": "d4d6b67b138722feb847a75760a430943c33f4ef",
        "type": "tarball",
        "url": "https://releases.nixos.org/nixos/unstable-small/nixos-26.05pre1000535.d4d6b67b1387/nixexprs.tar.xz"
      },
      "original": {
        "type": "tarball",
        "url": "https://channels.nixos.org/nixos-unstable-small/nixexprs.tar.xz"
      }
    },
    "root": {
      "inputs": {
        "nixpkgs": "nixpkgs"
      }
    }
  },
  "root": "root",
  "version": 7
}
