{
  "nodes": {
    "nixpkgs": {
      "locked": {
        "lastModified": 1779024751,
        "narHash": "sha256-AfdQmFQhW14TqxJZjN6pnfsRlhoBfitdaX2YfDUX6XM=",
        "rev": "3849902757e881ccbf21df80d592e3b94a35131c",
        "type": "tarball",
        "url": "https://releases.nixos.org/nixos/unstable-small/nixos-26.05pre999570.3849902757e8/nixexprs.tar.xz"
      },
      "original": {
        "type": "tarball",
        "url": "https://channels.nixos.org/nixos-unstable-small/nixexprs.tar.xz"
      }
    },
    "root": {
      "inputs": {
        "nixpkgs": "nixpkgs"
      }
    }
  },
  "root": "root",
  "version": 7
}
