{
  "nodes": {
    "nixpkgs": {
      "locked": {
        "lastModified": 1778016882,
        "narHash": "sha256-P0r7DKpsh9Sn8v/ckIv5xgBm9RWSgJsJskadaQiX4us=",
        "owner": "nixos",
        "repo": "nixpkgs",
        "rev": "5c21abf2abb5bcbbb8d486d1fc32305fb03b0414",
        "type": "github"
      },
      "original": {
        "owner": "nixos",
        "ref": "nixos-unstable-small",
        "repo": "nixpkgs",
        "type": "github"
      }
    },
    "root": {
      "inputs": {
        "nixpkgs": "nixpkgs"
      }
    }
  },
  "root": "root",
  "version": 7
}
