{
  "nodes": {
    "nixpkgs": {
      "locked": {
        "lastModified": 1778893784,
        "narHash": "sha256-EDThl5ard0jh2t9FWZB/vdSzA5Qqea9l26lz5tbxzQQ=",
        "owner": "nixos",
        "repo": "nixpkgs",
        "rev": "e0e08612300f19308b83668861c2fabaceba8967",
        "type": "github"
      },
      "original": {
        "owner": "nixos",
        "ref": "nixpkgs-25.11-darwin",
        "repo": "nixpkgs",
        "type": "github"
      }
    },
    "root": {
      "inputs": {
        "nixpkgs": "nixpkgs"
      }
    }
  },
  "root": "root",
  "version": 7
}
