{
  "nodes": {
    "nixpkgs": {
      "locked": {
        "lastModified": 1777805331,
        "narHash": "sha256-jINoZUP2tJEBLuVoMEhJn9qWQgpriGorwlgnBc1QAPg=",
        "owner": "nixos",
        "repo": "nixpkgs",
        "rev": "8cbe20ad0f64f9f9619b871dfdf57022beccef65",
        "type": "github"
      },
      "original": {
        "owner": "nixos",
        "ref": "nixpkgs-25.11-darwin",
        "repo": "nixpkgs",
        "type": "github"
      }
    },
    "root": {
      "inputs": {
        "nixpkgs": "nixpkgs"
      }
    }
  },
  "root": "root",
  "version": 7
}
