{
  "nodes": {
    "nixpkgs": {
      "locked": {
        "lastModified": 1778600454,
        "narHash": "sha256-aIdOntNLJC3LLT79ObvT4gBYQvmscuJ5FV3Nq8a6bHA=",
        "owner": "nixos",
        "repo": "nixpkgs",
        "rev": "d1b456ac1e24fe458cd5495189053f86d731347b",
        "type": "github"
      },
      "original": {
        "owner": "nixos",
        "ref": "nixos-25.11-small",
        "repo": "nixpkgs",
        "type": "github"
      }
    },
    "root": {
      "inputs": {
        "nixpkgs": "nixpkgs"
      }
    }
  },
  "root": "root",
  "version": 7
}
