{
  "nodes": {
    "nixpkgs": {
      "locked": {
        "lastModified": 1778893784,
        "narHash": "sha256-MP5Ga8hh++LWYe7XPSAsFwFXd1jgwfwbpstNvd05W0U=",
        "rev": "e0e08612300f19308b83668861c2fabaceba8967",
        "type": "tarball",
        "url": "https://releases.nixos.org/nixpkgs/25.11-darwin/nixpkgs-darwin-25.11pre912763.e0e08612300f/nixexprs.tar.xz"
      },
      "original": {
        "type": "tarball",
        "url": "https://channels.nixos.org/nixpkgs-25.11-darwin/nixexprs.tar.xz"
      }
    },
    "root": {
      "inputs": {
        "nixpkgs": "nixpkgs"
      }
    }
  },
  "root": "root",
  "version": 7
}
