{
  "nodes": {
    "nixpkgs": {
      "locked": {
        "lastModified": 1773282714,
        "narHash": "sha256-ZOtKwvBTik/9qvkJpwHZObNm5oz3cJi0E7xvcPdTSZE=",
        "rev": "a8556879c286b4a40a717a416ae61818c26d1ac8",
        "type": "tarball",
        "url": "https://releases.nixos.org/nixpkgs/25.11-darwin/nixpkgs-darwin-25.11pre909308.a8556879c286/nixexprs.tar.xz"
      },
      "original": {
        "type": "tarball",
        "url": "https://channels.nixos.org/nixpkgs-25.11-darwin/nixexprs.tar.xz"
      }
    },
    "root": {
      "inputs": {
        "nixpkgs": "nixpkgs"
      }
    }
  },
  "root": "root",
  "version": 7
}
