{
  "nodes": {
    "nixpkgs": {
      "locked": {
        "lastModified": 1779207331,
        "narHash": "sha256-Gxd7FDdoPwoeuvc4o3fse4l9a0SNtPe0UtHdqj8fQ7w=",
        "rev": "f58ee5f04eb76292db7ad4b36bd5e30bc8a702c9",
        "type": "tarball",
        "url": "https://releases.nixos.org/nixpkgs/25.11-darwin/nixpkgs-darwin-25.11pre912981.f58ee5f04eb7/nixexprs.tar.xz"
      },
      "original": {
        "type": "tarball",
        "url": "https://channels.nixos.org/nixpkgs-25.11-darwin/nixexprs.tar.xz"
      }
    },
    "root": {
      "inputs": {
        "nixpkgs": "nixpkgs"
      }
    }
  },
  "root": "root",
  "version": 7
}
