{
  "nodes": {
    "nixpkgs": {
      "locked": {
        "lastModified": 1773201692,
        "narHash": "sha256-xtsQYO6twTbzxKIvTZcLgZeAkbL5RAcNnJboSjf+E78=",
        "rev": "b6067cc0127d4db9c26c79e4de0513e58d0c40c9",
        "type": "tarball",
        "url": "https://releases.nixos.org/nixpkgs/nixpkgs-26.05pre961687.b6067cc0127d/nixexprs.tar.xz"
      },
      "original": {
        "type": "tarball",
        "url": "https://channels.nixos.org/nixpkgs-unstable/nixexprs.tar.xz"
      }
    },
    "root": {
      "inputs": {
        "nixpkgs": [
          "unstable",
          "nixpkgs"
        ],
        "unstable": "unstable"
      }
    },
    "unstable": {
      "inputs": {
        "nixpkgs": "nixpkgs"
      },
      "locked": {
        "dir": "partitions/channels/unstable",
        "lastModified": 1777410823,
        "narHash": "sha256-5xCdaCVkjgNOMTbryYyqeh/8E0SVTLS8b5TudEiro7U=",
        "owner": "nixology",
        "repo": "core.nix",
        "rev": "6c7ab1aa09fd0fa7fcab7cd42c7c9751555a01d7",
        "type": "github"
      },
      "original": {
        "dir": "partitions/channels/unstable",
        "owner": "nixology",
        "repo": "core.nix",
        "type": "github"
      }
    }
  },
  "root": "root",
  "version": 7
}
