{
  "nodes": {
    "nixpkgs": {
      "locked": {
        "lastModified": 1779024751,
        "narHash": "sha256-fIE/HazjcoU/27WI3//uVg5AIntnVo1Q/GjMuBwPuHw=",
        "owner": "nixos",
        "repo": "nixpkgs",
        "rev": "3849902757e881ccbf21df80d592e3b94a35131c",
        "type": "github"
      },
      "original": {
        "owner": "nixos",
        "ref": "nixos-unstable-small",
        "repo": "nixpkgs",
        "type": "github"
      }
    },
    "root": {
      "inputs": {
        "nixpkgs": "nixpkgs"
      }
    }
  },
  "root": "root",
  "version": 7
}
