{
  "nodes": {
    "flake-schemas": {
      "locked": {
        "lastModified": 1780084615,
        "narHash": "sha256-/qKIgQWTystjbQilErpOCALPqpNW0L87ZCrE/epU05A=",
        "owner": "DeterminateSystems",
        "repo": "flake-schemas",
        "rev": "c84b109dd04882f8d815712e7de969013e30cdf7",
        "type": "github"
      },
      "original": {
        "owner": "DeterminateSystems",
        "repo": "flake-schemas",
        "type": "github"
      }
    },
    "root": {
      "inputs": {
        "flake-schemas": "flake-schemas"
      }
    }
  },
  "root": "root",
  "version": 7
}
